<?xml version="1.0" encoding="UTF-8"?>
<Scheme
   version = "1.3">
   <BuildAction>
      <BuildActionEntries>
         <BuildActionEntry
            buildForTesting = "YES">
            <BuildableReference
               BuildableIdentifier = "primary"
               BlueprintIdentifier = "CE74720825BB892000E6C80B"
               BuildableName = "RestaurantAppTests.xctest"
               BlueprintName = "RestaurantAppTests"
               ReferencedContainer = "container:RestaurantApp.xcodeproj">
            </BuildableReference>
         </BuildActionEntry>
      </BuildActionEntries>
   </BuildAction>
   <TestAction
      buildConfiguration = "Debug">
      <Testables>
         <TestableReference>
            <BuildableReference
               BuildableIdentifier = "primary"
               BlueprintIdentifier = "CE74720825BB892000E6C80B"
               BuildableName = "RestaurantAppTests.xctest"
               BlueprintName = "RestaurantAppTests"
               ReferencedContainer = "container:RestaurantApp.xcodeproj">
            </BuildableReference>
            <SelectedTests>
               <Test
                  Identifier = "StartupTests/testAppInitialActivity">
               </Test>
            </SelectedTests>
         </TestableReference>
      </Testables>
   </TestAction>
   <LaunchAction
      useCustomWorkingDirectory = "NO"
      allowLocationSimulation = "YES">
   </LaunchAction>
</Scheme>
